
Microsoft Visual Studio Solution File, Format Version 12.00
# Visual Studio 15
VisualStudioVersion = 15.0.27703.2042
MinimumVisualStudioVersion = 10.0.40219.1
Project("{FAE04EC0-301F-11D3-BF4B-00C04F79EFBC}") = "tcplab.openluat.com", "tcplab.openluat.com\tcplab.openluat.com.csproj", "{BD4D780F-A3F6-40C2-8FCB-3840BA626922}"
EndProject
Global
	GlobalSection(SolutionConfigurationPlatforms) = preSolution
		Debug|Any CPU = Debug|Any CPU
		Release|Any CPU = Release|Any CPU
	EndGlobalSection
	GlobalSection(ProjectConfigurationPlatforms) = postSolution
		{BD4D780F-A3F6-40C2-8FCB-3840BA626922}.Debug|Any CPU.ActiveCfg = Debug|Any CPU
		{BD4D780F-A3F6-40C2-8FCB-3840BA626922}.Debug|Any CPU.Build.0 = Debug|Any CPU
		{BD4D780F-A3F6-40C2-8FCB-3840BA626922}.Release|Any CPU.ActiveCfg = Release|Any CPU
		{BD4D780F-A3F6-40C2-8FCB-3840BA626922}.Release|Any CPU.Build.0 = Release|Any CPU
	EndGlobalSection
	GlobalSection(SolutionProperties) = preSolution
		HideSolutionNode = FALSE
	EndGlobalSection
	GlobalSection(ExtensibilityGlobals) = postSolution
		SolutionGuid = {3F8614BA-C92C-4A2B-8AEE-705C2F8B446F}
	EndGlobalSection
EndGlobal
